// !$*UTF8*$!
{
	archiveVersion = 1;
	classes = {
	};
	objectVersion = 56;
	objects = {

/* Begin PBXBuildFile section */
		9F0A3C1A2AA64FB100028E8D /* AppDelegate.swift in Sources */ = {isa = PBXBuildFile; fileRef = 9F0A3C192AA64FB100028E8D /* AppDelegate.swift */; };
		9F0A3C1C2AA64FB100028E8D /* SceneDelegate.swift in Sources */ = {isa = PBXBuildFile; fileRef = 9F0A3C1B2AA64FB100028E8D /* SceneDelegate.swift */; };
		9F0A3C1E2AA64FB100028E8D /* DirectoryTableViewController.swift in Sources */ = {isa = PBXBuildFile; fileRef = 9F0A3C1D2AA64FB100028E8D /* DirectoryTableViewController.swift */; };
		9F0A3C212AA64FB100028E8D /* Main.storyboard in Resources */ = {isa = PBXBuildFile; fileRef = 9F0A3C1F2AA64FB100028E8D /* Main.storyboard */; };
		9F0A3C232AA64FB400028E8D /* Assets.xcassets in Resources */ = {isa = PBXBuildFile; fileRef = 9F0A3C222AA64FB400028E8D /* Assets.xcassets */; };
		9F0A3C262AA64FB400028E8D /* LaunchScreen.storyboard in Resources */ = {isa = PBXBuildFile; fileRef = 9F0A3C242AA64FB400028E8D /* LaunchScreen.storyboard */; };
		9F0A3C312AA64FB400028E8D /* _0230904_KiyoshiWoolheater_NYCSchoolsTests.swift in Sources */ = {isa = PBXBuildFile; fileRef = 9F0A3C302AA64FB400028E8D /* _0230904_KiyoshiWoolheater_NYCSchoolsTests.swift */; };
		9F0A3C3B2AA64FB400028E8D /* _0230904_KiyoshiWoolheater_NYCSchoolsUITests.swift in Sources */ = {isa = PBXBuildFile; fileRef = 9F0A3C3A2AA64FB400028E8D /* _0230904_KiyoshiWoolheater_NYCSchoolsUITests.swift */; };
		9F0A3C3D2AA64FB400028E8D /* _0230904_KiyoshiWoolheater_NYCSchoolsUITestsLaunchTests.swift in Sources */ = {isa = PBXBuildFile; fileRef = 9F0A3C3C2AA64FB400028E8D /* _0230904_KiyoshiWoolheater_NYCSchoolsUITestsLaunchTests.swift */; };
		9F0A3C4A2AA650F700028E8D /* Networking.swift in Sources */ = {isa = PBXBuildFile; fileRef = 9F0A3C492AA650F700028E8D /* Networking.swift */; };
		9F0A3C4C2AA655F600028E8D /* DirectoryViewModel.swift in Sources */ = {isa = PBXBuildFile; fileRef = 9F0A3C4B2AA655F600028E8D /* DirectoryViewModel.swift */; };
		9F0A3C4E2AA65D7000028E8D /* DirectoryModel.swift in Sources */ = {isa = PBXBuildFile; fileRef = 9F0A3C4D2AA65D7000028E8D /* DirectoryModel.swift */; };
		9F0A3C522AA7BCD600028E8D /* SchoolNameCell.swift in Sources */ = {isa = PBXBuildFile; fileRef = 9F0A3C512AA7BCD600028E8D /* SchoolNameCell.swift */; };
		9F0A3C542AA7BE9800028E8D /* SchoolDetailViewController.swift in Sources */ = {isa = PBXBuildFile; fileRef = 9F0A3C532AA7BE9800028E8D /* SchoolDetailViewController.swift */; };
/* End PBXBuildFile section */

/* Begin PBXContainerItemProxy section */
		9F0A3C2D2AA64FB400028E8D /* PBXContainerItemProxy */ = {
			isa = PBXContainerItemProxy;
			containerPortal = 9F0A3C0E2AA64FB100028E8D /* Project object */;
			proxyType = 1;
			remoteGlobalIDString = 9F0A3C152AA64FB100028E8D;
			remoteInfo = "20230904-KiyoshiWoolheater-NYCSchools";
		};
		9F0A3C372AA64FB400028E8D /* PBXContainerItemProxy */ = {
			isa = PBXContainerItemProxy;
			containerPortal = 9F0A3C0E2AA64FB100028E8D /* Project object */;
			proxyType = 1;
			remoteGlobalIDString = 9F0A3C152AA64FB100028E8D;
			remoteInfo = "20230904-KiyoshiWoolheater-NYCSchools";
		};
/* End PBXContainerItemProxy section */

/* Begin PBXFileReference section */
		9F0A3C162AA64FB100028E8D /* 20230904-KiyoshiWoolheater-NYCSchools.app */ = {isa = PBXFileReference; explicitFileType = wrapper.application; includeInIndex = 0; path = "20230904-KiyoshiWoolheater-NYCSchools.app"; sourceTree = BUILT_PRODUCTS_DIR; };
		9F0A3C192AA64FB100028E8D /* AppDelegate.swift */ = {isa = PBXFileReference; lastKnownFileType = sourcecode.swift; path = AppDelegate.swift; sourceTree = "<group>"; };
		9F0A3C1B2AA64FB100028E8D /* SceneDelegate.swift */ = {isa = PBXFileReference; lastKnownFileType = sourcecode.swift; path = SceneDelegate.swift; sourceTree = "<group>"; };
		9F0A3C1D2AA64FB100028E8D /* DirectoryTableViewController.swift */ = {isa = PBXFileReference; lastKnownFileType = sourcecode.swift; path = DirectoryTableViewController.swift; sourceTree = "<group>"; };
		9F0A3C202AA64FB100028E8D /* Base */ = {isa = PBXFileReference; lastKnownFileType = file.storyboard; name = Base; path = Base.lproj/Main.storyboard; sourceTree = "<group>"; };
		9F0A3C222AA64FB400028E8D /* Assets.xcassets */ = {isa = PBXFileReference; lastKnownFileType = folder.assetcatalog; path = Assets.xcassets; sourceTree = "<group>"; };
		9F0A3C252AA64FB400028E8D /* Base */ = {isa = PBXFileReference; lastKnownFileType = file.storyboard; name = Base; path = Base.lproj/LaunchScreen.storyboard; sourceTree = "<group>"; };
		9F0A3C272AA64FB400028E8D /* Info.plist */ = {isa = PBXFileReference; lastKnownFileType = text.plist.xml; path = Info.plist; sourceTree = "<group>"; };
		9F0A3C2C2AA64FB400028E8D /* 20230904-KiyoshiWoolheater-NYCSchoolsTests.xctest */ = {isa = PBXFileReference; explicitFileType = wrapper.cfbundle; includeInIndex = 0; path = "20230904-KiyoshiWoolheater-NYCSchoolsTests.xctest"; sourceTree = BUILT_PRODUCTS_DIR; };
		9F0A3C302AA64FB400028E8D /* _0230904_KiyoshiWoolheater_NYCSchoolsTests.swift */ = {isa = PBXFileReference; lastKnownFileType = sourcecode.swift; path = _0230904_KiyoshiWoolheater_NYCSchoolsTests.swift; sourceTree = "<group>"; };
		9F0A3C362AA64FB400028E8D /* 20230904-KiyoshiWoolheater-NYCSchoolsUITests.xctest */ = {isa = PBXFileReference; explicitFileType = wrapper.cfbundle; includeInIndex = 0; path = "20230904-KiyoshiWoolheater-NYCSchoolsUITests.xctest"; sourceTree = BUILT_PRODUCTS_DIR; };
		9F0A3C3A2AA64FB400028E8D /* _0230904_KiyoshiWoolheater_NYCSchoolsUITests.swift */ = {isa = PBXFileReference; lastKnownFileType = sourcecode.swift; path = _0230904_KiyoshiWoolheater_NYCSchoolsUITests.swift; sourceTree = "<group>"; };
		9F0A3C3C2AA64FB400028E8D /* _0230904_KiyoshiWoolheater_NYCSchoolsUITestsLaunchTests.swift */ = {isa = PBXFileReference; lastKnownFileType = sourcecode.swift; path = _0230904_KiyoshiWoolheater_NYCSchoolsUITestsLaunchTests.swift; sourceTree = "<group>"; };
		9F0A3C492AA650F700028E8D /* Networking.swift */ = {isa = PBXFileReference; lastKnownFileType = sourcecode.swift; path = Networking.swift; sourceTree = "<group>"; };
		9F0A3C4B2AA655F600028E8D /* DirectoryViewModel.swift */ = {isa = PBXFileReference; lastKnownFileType = sourcecode.swift; path = DirectoryViewModel.swift; sourceTree = "<group>"; };
		9F0A3C4D2AA65D7000028E8D /* DirectoryModel.swift */ = {isa = PBXFileReference; lastKnownFileType = sourcecode.swift; path = DirectoryModel.swift; sourceTree = "<group>"; };
		9F0A3C512AA7BCD600028E8D /* SchoolNameCell.swift */ = {isa = PBXFileReference; lastKnownFileType = sourcecode.swift; path = SchoolNameCell.swift; sourceTree = "<group>"; };
		9F0A3C532AA7BE9800028E8D /* SchoolDetailViewController.swift */ = {isa = PBXFileReference; lastKnownFileType = sourcecode.swift; path = SchoolDetailViewController.swift; sourceTree = "<group>"; };
/* End PBXFileReference section */

/* Begin PBXFrameworksBuildPhase section */
		9F0A3C132AA64FB100028E8D /* Frameworks */ = {
			isa = PBXFrameworksBuildPhase;
			buildActionMask = 2147483647;
			files = (
			);
			runOnlyForDeploymentPostprocessing = 0;
		};
		9F0A3C292AA64FB400028E8D /* Frameworks */ = {
			isa = PBXFrameworksBuildPhase;
			buildActionMask = 2147483647;
			files = (
			);
			runOnlyForDeploymentPostprocessing = 0;
		};
		9F0A3C332AA64FB400028E8D /* Frameworks */ = {
			isa = PBXFrameworksBuildPhase;
			buildActionMask = 2147483647;
			files = (
			);
			runOnlyForDeploymentPostprocessing = 0;
		};
/* End PBXFrameworksBuildPhase section */

/* Begin PBXGroup section */
		9F0A3C0D2AA64FB100028E8D = {
			isa = PBXGroup;
			children = (
				9F0A3C182AA64FB100028E8D /* 20230904-KiyoshiWoolheater-NYCSchools */,
				9F0A3C2F2AA64FB400028E8D /* 20230904-KiyoshiWoolheater-NYCSchoolsTests */,
				9F0A3C392AA64FB400028E8D /* 20230904-KiyoshiWoolheater-NYCSchoolsUITests */,
				9F0A3C172AA64FB100028E8D /* Products */,
			);
			sourceTree = "<group>";
		};
		9F0A3C172AA64FB100028E8D /* Products */ = {
			isa = PBXGroup;
			children = (
				9F0A3C162AA64FB100028E8D /* 20230904-KiyoshiWoolheater-NYCSchools.app */,
				9F0A3C2C2AA64FB400028E8D /* 20230904-KiyoshiWoolheater-NYCSchoolsTests.xctest */,
				9F0A3C362AA64FB400028E8D /* 20230904-KiyoshiWoolheater-NYCSchoolsUITests.xctest */,
			);
			name = Products;
			sourceTree = "<group>";
		};
		9F0A3C182AA64FB100028E8D /* 20230904-KiyoshiWoolheater-NYCSchools */ = {
			isa = PBXGroup;
			children = (
				9F0A3C192AA64FB100028E8D /* AppDelegate.swift */,
				9F0A3C1B2AA64FB100028E8D /* SceneDelegate.swift */,
				9F0A3C1D2AA64FB100028E8D /* DirectoryTableViewController.swift */,
				9F0A3C532AA7BE9800028E8D /* SchoolDetailViewController.swift */,
				9F0A3C4B2AA655F600028E8D /* DirectoryViewModel.swift */,
				9F0A3C4D2AA65D7000028E8D /* DirectoryModel.swift */,
				9F0A3C512AA7BCD600028E8D /* SchoolNameCell.swift */,
				9F0A3C492AA650F700028E8D /* Networking.swift */,
				9F0A3C1F2AA64FB100028E8D /* Main.storyboard */,
				9F0A3C222AA64FB400028E8D /* Assets.xcassets */,
				9F0A3C242AA64FB400028E8D /* LaunchScreen.storyboard */,
				9F0A3C272AA64FB400028E8D /* Info.plist */,
			);
			path = "20230904-KiyoshiWoolheater-NYCSchools";
			sourceTree = "<group>";
		};
		9F0A3C2F2AA64FB400028E8D /* 20230904-KiyoshiWoolheater-NYCSchoolsTests */ = {
			isa = PBXGroup;
			children = (
				9F0A3C302AA64FB400028E8D /* _0230904_KiyoshiWoolheater_NYCSchoolsTests.swift */,
			);
			path = "20230904-KiyoshiWoolheater-NYCSchoolsTests";
			sourceTree = "<group>";
		};
		9F0A3C392AA64FB400028E8D /* 20230904-KiyoshiWoolheater-NYCSchoolsUITests */ = {
			isa = PBXGroup;
			children = (
				9F0A3C3A2AA64FB400028E8D /* _0230904_KiyoshiWoolheater_NYCSchoolsUITests.swift */,
				9F0A3C3C2AA64FB400028E8D /* _0230904_KiyoshiWoolheater_NYCSchoolsUITestsLaunchTests.swift */,
			);
			path = "20230904-KiyoshiWoolheater-NYCSchoolsUITests";
			sourceTree = "<group>";
		};
/* End PBXGroup section */

/* Begin PBXNativeTarget section */
		9F0A3C152AA64FB100028E8D /* 20230904-KiyoshiWoolheater-NYCSchools */ = {
			isa = PBXNativeTarget;
			buildConfigurationList = 9F0A3C402AA64FB400028E8D /* Build configuration list for PBXNativeTarget "20230904-KiyoshiWoolheater-NYCSchools" */;
			buildPhases = (
				9F0A3C122AA64FB100028E8D /* Sources */,
				9F0A3C132AA64FB100028E8D /* Frameworks */,
				9F0A3C142AA64FB100028E8D /* Resources */,
			);
			buildRules = (
			);
			dependencies = (
			);
			name = "20230904-KiyoshiWoolheater-NYCSchools";
			productName = "20230904-KiyoshiWoolheater-NYCSchools";
			productReference = 9F0A3C162AA64FB100028E8D /* 20230904-KiyoshiWoolheater-NYCSchools.app */;
			productType = "com.apple.product-type.application";
		};
		9F0A3C2B2AA64FB400028E8D /* 20230904-KiyoshiWoolheater-NYCSchoolsTests */ = {
			isa = PBXNativeTarget;
			buildConfigurationList = 9F0A3C432AA64FB400028E8D /* Build configuration list for PBXNativeTarget "20230904-KiyoshiWoolheater-NYCSchoolsTests" */;
			buildPhases = (
				9F0A3C282AA64FB400028E8D /* Sources */,
				9F0A3C292AA64FB400028E8D /* Frameworks */,
				9F0A3C2A2AA64FB400028E8D /* Resources */,
			);
			buildRules = (
			);
			dependencies = (
				9F0A3C2E2AA64FB400028E8D /* PBXTargetDependency */,
			);
			name = "20230904-KiyoshiWoolheater-NYCSchoolsTests";
			productName = "20230904-KiyoshiWoolheater-NYCSchoolsTests";
			productReference = 9F0A3C2C2AA64FB400028E8D /* 20230904-KiyoshiWoolheater-NYCSchoolsTests.xctest */;
			productType = "com.apple.product-type.bundle.unit-test";
		};
		9F0A3C352AA64FB400028E8D /* 20230904-KiyoshiWoolheater-NYCSchoolsUITests */ = {
			isa = PBXNativeTarget;
			buildConfigurationList = 9F0A3C462AA64FB400028E8D /* Build configuration list for PBXNativeTarget "20230904-KiyoshiWoolheater-NYCSchoolsUITests" */;
			buildPhases = (
				9F0A3C322AA64FB400028E8D /* Sources */,
				9F0A3C332AA64FB400028E8D /* Frameworks */,
				9F0A3C342AA64FB400028E8D /* Resources */,
			);
			buildRules = (
			);
			dependencies = (
				9F0A3C382AA64FB400028E8D /* PBXTargetDependency */,
			);
			name = "20230904-KiyoshiWoolheater-NYCSchoolsUITests";
			productName = "20230904-KiyoshiWoolheater-NYCSchoolsUITests";
			productReference = 9F0A3C362AA64FB400028E8D /* 20230904-KiyoshiWoolheater-NYCSchoolsUITests.xctest */;
			productType = "com.apple.product-type.bundle.ui-testing";
		};
/* End PBXNativeTarget section */

/* Begin PBXProject section */
		9F0A3C0E2AA64FB100028E8D /* Project object */ = {
			isa = PBXProject;
			attributes = {
				BuildIndependentTargetsInParallel = 1;
				LastSwiftUpdateCheck = 1420;
				LastUpgradeCheck = 1420;
				TargetAttributes = {
					9F0A3C152AA64FB100028E8D = {
						CreatedOnToolsVersion = 14.2;
					};
					9F0A3C2B2AA64FB400028E8D = {
						CreatedOnToolsVersion = 14.2;
						TestTargetID = 9F0A3C152AA64FB100028E8D;
					};
					9F0A3C352AA64FB400028E8D = {
						CreatedOnToolsVersion = 14.2;
						TestTargetID = 9F0A3C152AA64FB100028E8D;
					};
				};
			};
			buildConfigurationList = 9F0A3C112AA64FB100028E8D /* Build configuration list for PBXProject "20230904-KiyoshiWoolheater-NYCSchools" */;
			compatibilityVersion = "Xcode 14.0";
			developmentRegion = en;
			hasScannedForEncodings = 0;
			knownRegions = (
				en,
				Base,
			);
			mainGroup = 9F0A3C0D2AA64FB100028E8D;
			productRefGroup = 9F0A3C172AA64FB100028E8D /* Products */;
			projectDirPath = "";
			projectRoot = "";
			targets = (
				9F0A3C152AA64FB100028E8D /* 20230904-KiyoshiWoolheater-NYCSchools */,
				9F0A3C2B2AA64FB400028E8D /* 20230904-KiyoshiWoolheater-NYCSchoolsTests */,
				9F0A3C352AA64FB400028E8D /* 20230904-KiyoshiWoolheater-NYCSchoolsUITests */,
			);
		};
/* End PBXProject section */

/* Begin PBXResourcesBuildPhase section */
		9F0A3C142AA64FB100028E8D /* Resources */ = {
			isa = PBXResourcesBuildPhase;
			buildActionMask = 2147483647;
			files = (
				9F0A3C262AA64FB400028E8D /* LaunchScreen.storyboard in Resources */,
				9F0A3C232AA64FB400028E8D /* Assets.xcassets in Resources */,
				9F0A3C212AA64FB100028E8D /* Main.storyboard in Resources */,
			);
			runOnlyForDeploymentPostprocessing = 0;
		};
		9F0A3C2A2AA64FB400028E8D /* Resources */ = {
			isa = PBXResourcesBuildPhase;
			buildActionMask = 2147483647;
			files = (
			);
			runOnlyForDeploymentPostprocessing = 0;
		};
		9F0A3C342AA64FB400028E8D /* Resources */ = {
			isa = PBXResourcesBuildPhase;
			buildActionMask = 2147483647;
			files = (
			);
			runOnlyForDeploymentPostprocessing = 0;
		};
/* End PBXResourcesBuildPhase section */

/* Begin PBXSourcesBuildPhase section */
		9F0A3C122AA64FB100028E8D /* Sources */ = {
			isa = PBXSourcesBuildPhase;
			buildActionMask = 2147483647;
			files = (
				9F0A3C1E2AA64FB100028E8D /* DirectoryTableViewController.swift in Sources */,
				9F0A3C1A2AA64FB100028E8D /* AppDelegate.swift in Sources */,
				9F0A3C542AA7BE9800028E8D /* SchoolDetailViewController.swift in Sources */,
				9F0A3C1C2AA64FB100028E8D /* SceneDelegate.swift in Sources */,
				9F0A3C522AA7BCD600028E8D /* SchoolNameCell.swift in Sources */,
				9F0A3C4E2AA65D7000028E8D /* DirectoryModel.swift in Sources */,
				9F0A3C4C2AA655F600028E8D /* DirectoryViewModel.swift in Sources */,
				9F0A3C4A2AA650F700028E8D /* Networking.swift in Sources */,
			);
			runOnlyForDeploymentPostprocessing = 0;
		};
		9F0A3C282AA64FB400028E8D /* Sources */ = {
			isa = PBXSourcesBuildPhase;
			buildActionMask = 2147483647;
			files = (
				9F0A3C312AA64FB400028E8D /* _0230904_KiyoshiWoolheater_NYCSchoolsTests.swift in Sources */,
			);
			runOnlyForDeploymentPostprocessing = 0;
		};
		9F0A3C322AA64FB400028E8D /* Sources */ = {
			isa = PBXSourcesBuildPhase;
			buildActionMask = 2147483647;
			files = (
				9F0A3C3B2AA64FB400028E8D /* _0230904_KiyoshiWoolheater_NYCSchoolsUITests.swift in Sources */,
				9F0A3C3D2AA64FB400028E8D /* _0230904_KiyoshiWoolheater_NYCSchoolsUITestsLaunchTests.swift in Sources */,
			);
			runOnlyForDeploymentPostprocessing = 0;
		};
/* End PBXSourcesBuildPhase section */

/* Begin PBXTargetDependency section */
		9F0A3C2E2AA64FB400028E8D /* PBXTargetDependency */ = {
			isa = PBXTargetDependency;
			target = 9F0A3C152AA64FB100028E8D /* 20230904-KiyoshiWoolheater-NYCSchools */;
			targetProxy = 9F0A3C2D2AA64FB400028E8D /* PBXContainerItemProxy */;
		};
		9F0A3C382AA64FB400028E8D /* PBXTargetDependency */ = {
			isa = PBXTargetDependency;
			target = 9F0A3C152AA64FB100028E8D /* 20230904-KiyoshiWoolheater-NYCSchools */;
			targetProxy = 9F0A3C372AA64FB400028E8D /* PBXContainerItemProxy */;
		};
/* End PBXTargetDependency section */

/* Begin PBXVariantGroup section */
		9F0A3C1F2AA64FB100028E8D /* Main.storyboard */ = {
			isa = PBXVariantGroup;
			children = (
				9F0A3C202AA64FB100028E8D /* Base */,
			);
			name = Main.storyboard;
			sourceTree = "<group>";
		};
		9F0A3C242AA64FB400028E8D /* LaunchScreen.storyboard */ = {
			isa = PBXVariantGroup;
			children = (
				9F0A3C252AA64FB400028E8D /* Base */,
			);
			name = LaunchScreen.storyboard;
			sourceTree = "<group>";
		};
/* End PBXVariantGroup section */

/* Begin XCBuildConfiguration section */
		9F0A3C3E2AA64FB400028E8D /* Debug */ = {
			isa = XCBuildConfiguration;
			buildSettings = {
				ALWAYS_SEARCH_USER_PATHS = NO;
				CLANG_ANALYZER_NONNULL = YES;
				CLANG_ANALYZER_NUMBER_OBJECT_CONVERSION = YES_AGGRESSIVE;
				CLANG_CXX_LANGUAGE_STANDARD = "gnu++20";
				CLANG_ENABLE_MODULES = YES;
				CLANG_ENABLE_OBJC_ARC = YES;
				CLANG_ENABLE_OBJC_WEAK = YES;
				CLANG_WARN_BLOCK_CAPTURE_AUTORELEASING = YES;
				CLANG_WARN_BOOL_CONVERSION = YES;
				CLANG_WARN_COMMA = YES;
				CLANG_WARN_CONSTANT_CONVERSION = YES;
				CLANG_WARN_DEPRECATED_OBJC_IMPLEMENTATIONS = YES;
				CLANG_WARN_DIRECT_OBJC_ISA_USAGE = YES_ERROR;
				CLANG_WARN_DOCUMENTATION_COMMENTS = YES;
				CLANG_WARN_EMPTY_BODY = YES;
				CLANG_WARN_ENUM_CONVERSION = YES;
				CLANG_WARN_INFINITE_RECURSION = YES;
				CLANG_WARN_INT_CONVERSION = YES;
				CLANG_WARN_NON_LITERAL_NULL_CONVERSION = YES;
				CLANG_WARN_OBJC_IMPLICIT_RETAIN_SELF = YES;
				CLANG_WARN_OBJC_LITERAL_CONVERSION = YES;
				CLANG_WARN_OBJC_ROOT_CLASS = YES_ERROR;
				CLANG_WARN_QUOTED_INCLUDE_IN_FRAMEWORK_HEADER = YES;
				CLANG_WARN_RANGE_LOOP_ANALYSIS = YES;
				CLANG_WARN_STRICT_PROTOTYPES = YES;
				CLANG_WARN_SUSPICIOUS_MOVE = YES;
				CLANG_WARN_UNGUARDED_AVAILABILITY = YES_AGGRESSIVE;
				CLANG_WARN_UNREACHABLE_CODE = YES;
				CLANG_WARN__DUPLICATE_METHOD_MATCH = YES;
				COPY_PHASE_STRIP = NO;
				DEBUG_INFORMATION_FORMAT = dwarf;
				ENABLE_STRICT_OBJC_MSGSEND = YES;
				ENABLE_TESTABILITY = YES;
				GCC_C_LANGUAGE_STANDARD = gnu11;
				GCC_DYNAMIC_NO_PIC = NO;
				GCC_NO_COMMON_BLOCKS = YES;
				GCC_OPTIMIZATION_LEVEL = 0;
				GCC_PREPROCESSOR_DEFINITIONS = (
					"DEBUG=1",
					"$(inherited)",
				);
				GCC_WARN_64_TO_32_BIT_CONVERSION = YES;
				GCC_WARN_ABOUT_RETURN_TYPE = YES_ERROR;
				GCC_WARN_UNDECLARED_SELECTOR = YES;
				GCC_WARN_UNINITIALIZED_AUTOS = YES_AGGRESSIVE;
				GCC_WARN_UNUSED_FUNCTION = YES;
				GCC_WARN_UNUSED_VARIABLE = YES;
				IPHONEOS_DEPLOYMENT_TARGET = 16.2;
				MTL_ENABLE_DEBUG_INFO = INCLUDE_SOURCE;
				MTL_FAST_MATH = YES;
				ONLY_ACTIVE_ARCH = YES;
				SDKROOT = iphoneos;
				SWIFT_ACTIVE_COMPILATION_CONDITIONS = DEBUG;
				SWIFT_OPTIMIZATION_LEVEL = "-Onone";
			};
			name = Debug;
		};
		9F0A3C3F2AA64FB400028E8D /* Release */ = {
			isa = XCBuildConfiguration;
			buildSettings = {
				ALWAYS_SEARCH_USER_PATHS = NO;
				CLANG_ANALYZER_NONNULL = YES;
				CLANG_ANALYZER_NUMBER_OBJECT_CONVERSION = YES_AGGRESSIVE;
				CLANG_CXX_LANGUAGE_STANDARD = "gnu++20";
				CLANG_ENABLE_MODULES = YES;
				CLANG_ENABLE_OBJC_ARC = YES;
				CLANG_ENABLE_OBJC_WEAK = YES;
				CLANG_WARN_BLOCK_CAPTURE_AUTORELEASING = YES;
				CLANG_WARN_BOOL_CONVERSION = YES;
				CLANG_WARN_COMMA = YES;
				CLANG_WARN_CONSTANT_CONVERSION = YES;
				CLANG_WARN_DEPRECATED_OBJC_IMPLEMENTATIONS = YES;
				CLANG_WARN_DIRECT_OBJC_ISA_USAGE = YES_ERROR;
				CLANG_WARN_DOCUMENTATION_COMMENTS = YES;
				CLANG_WARN_EMPTY_BODY = YES;
				CLANG_WARN_ENUM_CONVERSION = YES;
				CLANG_WARN_INFINITE_RECURSION = YES;
				CLANG_WARN_INT_CONVERSION = YES;
				CLANG_WARN_NON_LITERAL_NULL_CONVERSION = YES;
				CLANG_WARN_OBJC_IMPLICIT_RETAIN_SELF = YES;
				CLANG_WARN_OBJC_LITERAL_CONVERSION = YES;
				CLANG_WARN_OBJC_ROOT_CLASS = YES_ERROR;
				CLANG_WARN_QUOTED_INCLUDE_IN_FRAMEWORK_HEADER = YES;
				CLANG_WARN_RANGE_LOOP_ANALYSIS = YES;
				CLANG_WARN_STRICT_PROTOTYPES = YES;
				CLANG_WARN_SUSPICIOUS_MOVE = YES;
				CLANG_WARN_UNGUARDED_AVAILABILITY = YES_AGGRESSIVE;
				CLANG_WARN_UNREACHABLE_CODE = YES;
				CLANG_WARN__DUPLICATE_METHOD_MATCH = YES;
				COPY_PHASE_STRIP = NO;
				DEBUG_INFORMATION_FORMAT = "dwarf-with-dsym";
				ENABLE_NS_ASSERTIONS = NO;
				ENABLE_STRICT_OBJC_MSGSEND = YES;
				GCC_C_LANGUAGE_STANDARD = gnu11;
				GCC_NO_COMMON_BLOCKS = YES;
				GCC_WARN_64_TO_32_BIT_CONVERSION = YES;
				GCC_WARN_ABOUT_RETURN_TYPE = YES_ERROR;
				GCC_WARN_UNDECLARED_SELECTOR = YES;
				GCC_WARN_UNINITIALIZED_AUTOS = YES_AGGRESSIVE;
				GCC_WARN_UNUSED_FUNCTION = YES;
				GCC_WARN_UNUSED_VARIABLE = YES;
				IPHONEOS_DEPLOYMENT_TARGET = 16.2;
				MTL_ENABLE_DEBUG_INFO = NO;
				MTL_FAST_MATH = YES;
				SDKROOT = iphoneos;
				SWIFT_COMPILATION_MODE = wholemodule;
				SWIFT_OPTIMIZATION_LEVEL = "-O";
				VALIDATE_PRODUCT = YES;
			};
			name = Release;
		};
		9F0A3C412AA64FB400028E8D /* Debug */ = {
			isa = XCBuildConfiguration;
			buildSettings = {
				ASSETCATALOG_COMPILER_APPICON_NAME = AppIcon;
				ASSETCATALOG_COMPILER_GLOBAL_ACCENT_COLOR_NAME = AccentColor;
				CODE_SIGN_STYLE = Automatic;
				CURRENT_PROJECT_VERSION = 1;
				DEVELOPMENT_TEAM = 4TBPPH3U7R;
				GENERATE_INFOPLIST_FILE = YES;
				INFOPLIST_FILE = "20230904-KiyoshiWoolheater-NYCSchools/Info.plist";
				INFOPLIST_KEY_UIApplicationSupportsIndirectInputEvents = YES;
				INFOPLIST_KEY_UILaunchStoryboardName = LaunchScreen;
				INFOPLIST_KEY_UIMainStoryboardFile = Main;
				INFOPLIST_KEY_UISupportedInterfaceOrientations_iPad = "UIInterfaceOrientationPortrait UIInterfaceOrientationPortraitUpsideDown UIInterfaceOrientationLandscapeLeft UIInterfaceOrientationLandscapeRight";
				INFOPLIST_KEY_UISupportedInterfaceOrientations_iPhone = "UIInterfaceOrientationPortrait UIInterfaceOrientationLandscapeLeft UIInterfaceOrientationLandscapeRight";
				LD_RUNPATH_SEARCH_PATHS = (
					"$(inherited)",
					"@executable_path/Frameworks",
				);
				MARKETING_VERSION = 1.0;
				PRODUCT_BUNDLE_IDENTIFIER = "kiyoshi.-0230904-KiyoshiWoolheater-NYCSchools";
				PRODUCT_NAME = "$(TARGET_NAME)";
				SWIFT_EMIT_LOC_STRINGS = YES;
				SWIFT_VERSION = 5.0;
				TARGETED_DEVICE_FAMILY = "1,2";
			};
			name = Debug;
		};
		9F0A3C422AA64FB400028E8D /* Release */ = {
			isa = XCBuildConfiguration;
			buildSettings = {
				ASSETCATALOG_COMPILER_APPICON_NAME = AppIcon;
				ASSETCATALOG_COMPILER_GLOBAL_ACCENT_COLOR_NAME = AccentColor;
				CODE_SIGN_STYLE = Automatic;
				CURRENT_PROJECT_VERSION = 1;
				DEVELOPMENT_TEAM = 4TBPPH3U7R;
				GENERATE_INFOPLIST_FILE = YES;
				INFOPLIST_FILE = "20230904-KiyoshiWoolheater-NYCSchools/Info.plist";
				INFOPLIST_KEY_UIApplicationSupportsIndirectInputEvents = YES;
				INFOPLIST_KEY_UILaunchStoryboardName = LaunchScreen;
				INFOPLIST_KEY_UIMainStoryboardFile = Main;
				INFOPLIST_KEY_UISupportedInterfaceOrientations_iPad = "UIInterfaceOrientationPortrait UIInterfaceOrientationPortraitUpsideDown UIInterfaceOrientationLandscapeLeft UIInterfaceOrientationLandscapeRight";
				INFOPLIST_KEY_UISupportedInterfaceOrientations_iPhone = "UIInterfaceOrientationPortrait UIInterfaceOrientationLandscapeLeft UIInterfaceOrientationLandscapeRight";
				LD_RUNPATH_SEARCH_PATHS = (
					"$(inherited)",
					"@executable_path/Frameworks",
				);
				MARKETING_VERSION = 1.0;
				PRODUCT_BUNDLE_IDENTIFIER = "kiyoshi.-0230904-KiyoshiWoolheater-NYCSchools";
				PRODUCT_NAME = "$(TARGET_NAME)";
				SWIFT_EMIT_LOC_STRINGS = YES;
				SWIFT_VERSION = 5.0;
				TARGETED_DEVICE_FAMILY = "1,2";
			};
			name = Release;
		};
		9F0A3C442AA64FB400028E8D /* Debug */ = {
			isa = XCBuildConfiguration;
			buildSettings = {
				ALWAYS_EMBED_SWIFT_STANDARD_LIBRARIES = YES;
				BUNDLE_LOADER = "$(TEST_HOST)";
				CODE_SIGN_STYLE = Automatic;
				CURRENT_PROJECT_VERSION = 1;
				DEVELOPMENT_TEAM = 4TBPPH3U7R;
				GENERATE_INFOPLIST_FILE = YES;
				IPHONEOS_DEPLOYMENT_TARGET = 16.2;
				MARKETING_VERSION = 1.0;
				PRODUCT_BUNDLE_IDENTIFIER = "kiyoshi.-0230904-KiyoshiWoolheater-NYCSchoolsTests";
				PRODUCT_NAME = "$(TARGET_NAME)";
				SWIFT_EMIT_LOC_STRINGS = NO;
				SWIFT_VERSION = 5.0;
				TARGETED_DEVICE_FAMILY = "1,2";
				TEST_HOST = "$(BUILT_PRODUCTS_DIR)/20230904-KiyoshiWoolheater-NYCSchools.app/$(BUNDLE_EXECUTABLE_FOLDER_PATH)/20230904-KiyoshiWoolheater-NYCSchools";
			};
			name = Debug;
		};
		9F0A3C452AA64FB400028E8D /* Release */ = {
			isa = XCBuildConfiguration;
			buildSettings = {
				ALWAYS_EMBED_SWIFT_STANDARD_LIBRARIES = YES;
				BUNDLE_LOADER = "$(TEST_HOST)";
				CODE_SIGN_STYLE = Automatic;
				CURRENT_PROJECT_VERSION = 1;
				DEVELOPMENT_TEAM = 4TBPPH3U7R;
				GENERATE_INFOPLIST_FILE = YES;
				IPHONEOS_DEPLOYMENT_TARGET = 16.2;
				MARKETING_VERSION = 1.0;
				PRODUCT_BUNDLE_IDENTIFIER = "kiyoshi.-0230904-KiyoshiWoolheater-NYCSchoolsTests";
				PRODUCT_NAME = "$(TARGET_NAME)";
				SWIFT_EMIT_LOC_STRINGS = NO;
				SWIFT_VERSION = 5.0;
				TARGETED_DEVICE_FAMILY = "1,2";
				TEST_HOST = "$(BUILT_PRODUCTS_DIR)/20230904-KiyoshiWoolheater-NYCSchools.app/$(BUNDLE_EXECUTABLE_FOLDER_PATH)/20230904-KiyoshiWoolheater-NYCSchools";
			};
			name = Release;
		};
		9F0A3C472AA64FB400028E8D /* Debug */ = {
			isa = XCBuildConfiguration;
			buildSettings = {
				ALWAYS_EMBED_SWIFT_STANDARD_LIBRARIES = YES;
				CODE_SIGN_STYLE = Automatic;
				CURRENT_PROJECT_VERSION = 1;
				DEVELOPMENT_TEAM = 4TBPPH3U7R;
				GENERATE_INFOPLIST_FILE = YES;
				MARKETING_VERSION = 1.0;
				PRODUCT_BUNDLE_IDENTIFIER = "kiyoshi.-0230904-KiyoshiWoolheater-NYCSchoolsUITests";
				PRODUCT_NAME = "$(TARGET_NAME)";
				SWIFT_EMIT_LOC_STRINGS = NO;
				SWIFT_VERSION = 5.0;
				TARGETED_DEVICE_FAMILY = "1,2";
				TEST_TARGET_NAME = "20230904-KiyoshiWoolheater-NYCSchools";
			};
			name = Debug;
		};
		9F0A3C482AA64FB400028E8D /* Release */ = {
			isa = XCBuildConfiguration;
			buildSettings = {
				ALWAYS_EMBED_SWIFT_STANDARD_LIBRARIES = YES;
				CODE_SIGN_STYLE = Automatic;
				CURRENT_PROJECT_VERSION = 1;
				DEVELOPMENT_TEAM = 4TBPPH3U7R;
				GENERATE_INFOPLIST_FILE = YES;
				MARKETING_VERSION = 1.0;
				PRODUCT_BUNDLE_IDENTIFIER = "kiyoshi.-0230904-KiyoshiWoolheater-NYCSchoolsUITests";
				PRODUCT_NAME = "$(TARGET_NAME)";
				SWIFT_EMIT_LOC_STRINGS = NO;
				SWIFT_VERSION = 5.0;
				TARGETED_DEVICE_FAMILY = "1,2";
				TEST_TARGET_NAME = "20230904-KiyoshiWoolheater-NYCSchools";
			};
			name = Release;
		};
/* End XCBuildConfiguration section */

/* Begin XCConfigurationList section */
		9F0A3C112AA64FB100028E8D /* Build configuration list for PBXProject "20230904-KiyoshiWoolheater-NYCSchools" */ = {
			isa = XCConfigurationList;
			buildConfigurations = (
				9F0A3C3E2AA64FB400028E8D /* Debug */,
				9F0A3C3F2AA64FB400028E8D /* Release */,
			);
			defaultConfigurationIsVisible = 0;
			defaultConfigurationName = Release;
		};
		9F0A3C402AA64FB400028E8D /* Build configuration list for PBXNativeTarget "20230904-KiyoshiWoolheater-NYCSchools" */ = {
			isa = XCConfigurationList;
			buildConfigurations = (
				9F0A3C412AA64FB400028E8D /* Debug */,
				9F0A3C422AA64FB400028E8D /* Release */,
			);
			defaultConfigurationIsVisible = 0;
			defaultConfigurationName = Release;
		};
		9F0A3C432AA64FB400028E8D /* Build configuration list for PBXNativeTarget "20230904-KiyoshiWoolheater-NYCSchoolsTests" */ = {
			isa = XCConfigurationList;
			buildConfigurations = (
				9F0A3C442AA64FB400028E8D /* Debug */,
				9F0A3C452AA64FB400028E8D /* Release */,
			);
			defaultConfigurationIsVisible = 0;
			defaultConfigurationName = Release;
		};
		9F0A3C462AA64FB400028E8D /* Build configuration list for PBXNativeTarget "20230904-KiyoshiWoolheater-NYCSchoolsUITests" */ = {
			isa = XCConfigurationList;
			buildConfigurations = (
				9F0A3C472AA64FB400028E8D /* Debug */,
				9F0A3C482AA64FB400028E8D /* Release */,
			);
			defaultConfigurationIsVisible = 0;
			defaultConfigurationName = Release;
		};
/* End XCConfigurationList section */
	};
	rootObject = 9F0A3C0E2AA64FB100028E8D /* Project object */;
}
